
Microsoft Visual Studio Solution File, Format Version 11.00
# Visual Studio 2010
Project("{FAE04EC0-301F-11D3-BF4B-00C04F79EFBC}") = "BabushkaMarkerInput", "Assembly-CSharp.csproj", "{72794EBA-601B-3030-347B-7A749EE3EF41}"
EndProject
Project("{FAE04EC0-301F-11D3-BF4B-00C04F79EFBC}") = "BabushkaMarkerInput", "Assembly-CSharp-Editor.csproj", "{1B918EAF-FF78-C819-3550-8C6EC500B44C}"
EndProject
Global
	GlobalSection(SolutionConfigurationPlatforms) = preSolution
		Debug|Any CPU = Debug|Any CPU
		Release|Any CPU = Release|Any CPU
	EndGlobalSection
	GlobalSection(ProjectConfigurationPlatforms) = postSolution
		{72794EBA-601B-3030-347B-7A749EE3EF41}.Debug|Any CPU.ActiveCfg = Debug|Any CPU
		{72794EBA-601B-3030-347B-7A749EE3EF41}.Debug|Any CPU.Build.0 = Debug|Any CPU
		{72794EBA-601B-3030-347B-7A749EE3EF41}.Release|Any CPU.ActiveCfg = Release|Any CPU
		{72794EBA-601B-3030-347B-7A749EE3EF41}.Release|Any CPU.Build.0 = Release|Any CPU
		{1B918EAF-FF78-C819-3550-8C6EC500B44C}.Debug|Any CPU.ActiveCfg = Debug|Any CPU
		{1B918EAF-FF78-C819-3550-8C6EC500B44C}.Debug|Any CPU.Build.0 = Debug|Any CPU
		{1B918EAF-FF78-C819-3550-8C6EC500B44C}.Release|Any CPU.ActiveCfg = Release|Any CPU
		{1B918EAF-FF78-C819-3550-8C6EC500B44C}.Release|Any CPU.Build.0 = Release|Any CPU
	EndGlobalSection
	GlobalSection(SolutionProperties) = preSolution
		HideSolutionNode = FALSE
	EndGlobalSection
	GlobalSection(MonoDevelopProperties) = preSolution
		StartupItem = Assembly-CSharp.csproj
	EndGlobalSection
EndGlobal
